
Microsoft Visual Studio Solution File, Format Version 12.00
# Visual Studio Version 17
VisualStudioVersion = 17.6.33815.320
MinimumVisualStudioVersion = 10.0.40219.1
Project("{FAE04EC0-301F-11D3-BF4B-00C04F79EFBC}") = "myfirstapi", "myfirstapi\myfirstapi.csproj", "{3CE24F85-E4F5-49FB-B58A-D42CCC02B2D3}"
EndProject
Global
	GlobalSection(SolutionConfigurationPlatforms) = preSolution
		Debug|Any CPU = Debug|Any CPU
		Release|Any CPU = Release|Any CPU
	EndGlobalSection
	GlobalSection(ProjectConfigurationPlatforms) = postSolution
		{3CE24F85-E4F5-49FB-B58A-D42CCC02B2D3}.Debug|Any CPU.ActiveCfg = Debug|Any CPU
		{3CE24F85-E4F5-49FB-B58A-D42CCC02B2D3}.Debug|Any CPU.Build.0 = Debug|Any CPU
		{3CE24F85-E4F5-49FB-B58A-D42CCC02B2D3}.Release|Any CPU.ActiveCfg = Release|Any CPU
		{3CE24F85-E4F5-49FB-B58A-D42CCC02B2D3}.Release|Any CPU.Build.0 = Release|Any CPU
	EndGlobalSection
	GlobalSection(SolutionProperties) = preSolution
		HideSolutionNode = FALSE
	EndGlobalSection
	GlobalSection(ExtensibilityGlobals) = postSolution
		SolutionGuid = {EF906E74-0859-4EDC-9C56-0CA0BE56B722}
	EndGlobalSection
EndGlobal
